PODS:
  - FlutterMacOS (1.0.0)
  - webf (0.1.0):
    - FlutterMacOS

DEPENDENCIES:
  - FlutterMacOS (from `Flutter/ephemeral`)
  - webf (from `Flutter/ephemeral/.symlinks/plugins/webf/macos`)

EXTERNAL SOURCES:
  FlutterMacOS:
    :path: Flutter/ephemeral
  webf:
    :path: Flutter/ephemeral/.symlinks/plugins/webf/macos

SPEC CHECKSUMS:
  FlutterMacOS: 8f6f14fa908a6fb3fba0cd85dbd81ec4b251fb24
  webf: 607b0efed07d1fad2650083942ce108e2de6dd9e

PODFILE CHECKSUM: 236401fc2c932af29a9fcf0e97baeeb2d750d367

COCOAPODS: 1.15.2
